
Microsoft Visual Studio Solution File, Format Version 12.00
# Visual Studio 15
VisualStudioVersion = 15.0.27703.2042
MinimumVisualStudioVersion = 10.0.40219.1
Project("{2150E333-8FDC-42A3-9474-1A3956D46DE8}") = "Engine", "Engine", "{332AE3D8-B7A1-425C-A025-84D8AFCBC8C3}"
EndProject
Project("{2150E333-8FDC-42A3-9474-1A3956D46DE8}") = "Samples", "Samples", "{6D344CCF-566E-4694-B70C-4219DC2F1A43}"
EndProject
Project("{8BC9CEB8-8B4A-11D0-8D11-00A0C91BC942}") = "EngineHelloWorld", "EngineHelloWorld\EngineHelloWorld.vcxproj", "{8F4C3047-F380-42FF-AE32-7589A861B058}"
EndProject
Project("{8BC9CEB8-8B4A-11D0-8D11-00A0C91BC942}") = "EnginePixelWorld", "EnginePixelWorld\EnginePixelWorld.vcxproj", "{711D3C5E-1762-45AA-ABB9-E3A7EBEFFA9E}"
EndProject
Project("{8BC9CEB8-8B4A-11D0-8D11-00A0C91BC942}") = "EngineObject", "EngineObject\EngineObject.vcxproj", "{7E049DE7-C870-4D94-8374-C18BAA9534A2}"
EndProject
Project("{8BC9CEB8-8B4A-11D0-8D11-00A0C91BC942}") = "PixelWorldEngine", "..\PixelWorldEngine\PixelWorldEngine\PixelWorldEngine.vcxproj", "{12CCC5C9-D3FF-4315-A2C1-BB8C7AA0AEEE}"
EndProject
Project("{2150E333-8FDC-42A3-9474-1A3956D46DE8}") = "Solution Items", "Solution Items", "{13753906-937C-44E5-8968-A8CE352ABD9F}"
	ProjectSection(SolutionItems) = preProject
		readme.md = readme.md
	EndProjectSection
EndProject
Project("{8BC9CEB8-8B4A-11D0-8D11-00A0C91BC942}") = "EngineText", "EngineText\EngineText.vcxproj", "{DC35F005-6315-425F-B42C-E80C6FBAD1AA}"
EndProject
Project("{8BC9CEB8-8B4A-11D0-8D11-00A0C91BC942}") = "EngineAnimation", "EngineAnimation\EngineAnimation.vcxproj", "{D86F19AA-3B2B-4DA2-8D54-70D139812D45}"
EndProject
Global
	GlobalSection(SolutionConfigurationPlatforms) = preSolution
		Debug|x64 = Debug|x64
		Debug|x86 = Debug|x86
		Release|x64 = Release|x64
		Release|x86 = Release|x86
	EndGlobalSection
	GlobalSection(ProjectConfigurationPlatforms) = postSolution
		{8F4C3047-F380-42FF-AE32-7589A861B058}.Debug|x64.ActiveCfg = Debug|x64
		{8F4C3047-F380-42FF-AE32-7589A861B058}.Debug|x64.Build.0 = Debug|x64
		{8F4C3047-F380-42FF-AE32-7589A861B058}.Debug|x86.ActiveCfg = Debug|Win32
		{8F4C3047-F380-42FF-AE32-7589A861B058}.Debug|x86.Build.0 = Debug|Win32
		{8F4C3047-F380-42FF-AE32-7589A861B058}.Release|x64.ActiveCfg = Release|x64
		{8F4C3047-F380-42FF-AE32-7589A861B058}.Release|x64.Build.0 = Release|x64
		{8F4C3047-F380-42FF-AE32-7589A861B058}.Release|x86.ActiveCfg = Release|Win32
		{8F4C3047-F380-42FF-AE32-7589A861B058}.Release|x86.Build.0 = Release|Win32
		{711D3C5E-1762-45AA-ABB9-E3A7EBEFFA9E}.Debug|x64.ActiveCfg = Debug|x64
		{711D3C5E-1762-45AA-ABB9-E3A7EBEFFA9E}.Debug|x64.Build.0 = Debug|x64
		{711D3C5E-1762-45AA-ABB9-E3A7EBEFFA9E}.Debug|x86.ActiveCfg = Debug|Win32
		{711D3C5E-1762-45AA-ABB9-E3A7EBEFFA9E}.Debug|x86.Build.0 = Debug|Win32
		{711D3C5E-1762-45AA-ABB9-E3A7EBEFFA9E}.Release|x64.ActiveCfg = Release|x64
		{711D3C5E-1762-45AA-ABB9-E3A7EBEFFA9E}.Release|x64.Build.0 = Release|x64
		{711D3C5E-1762-45AA-ABB9-E3A7EBEFFA9E}.Release|x86.ActiveCfg = Release|Win32
		{711D3C5E-1762-45AA-ABB9-E3A7EBEFFA9E}.Release|x86.Build.0 = Release|Win32
		{7E049DE7-C870-4D94-8374-C18BAA9534A2}.Debug|x64.ActiveCfg = Debug|x64
		{7E049DE7-C870-4D94-8374-C18BAA9534A2}.Debug|x64.Build.0 = Debug|x64
		{7E049DE7-C870-4D94-8374-C18BAA9534A2}.Debug|x86.ActiveCfg = Debug|Win32
		{7E049DE7-C870-4D94-8374-C18BAA9534A2}.Debug|x86.Build.0 = Debug|Win32
		{7E049DE7-C870-4D94-8374-C18BAA9534A2}.Release|x64.ActiveCfg = Release|x64
		{7E049DE7-C870-4D94-8374-C18BAA9534A2}.Release|x64.Build.0 = Release|x64
		{7E049DE7-C870-4D94-8374-C18BAA9534A2}.Release|x86.ActiveCfg = Release|Win32
		{7E049DE7-C870-4D94-8374-C18BAA9534A2}.Release|x86.Build.0 = Release|Win32
		{12CCC5C9-D3FF-4315-A2C1-BB8C7AA0AEEE}.Debug|x64.ActiveCfg = Debug|x64
		{12CCC5C9-D3FF-4315-A2C1-BB8C7AA0AEEE}.Debug|x64.Build.0 = Debug|x64
		{12CCC5C9-D3FF-4315-A2C1-BB8C7AA0AEEE}.Debug|x86.ActiveCfg = Debug|Win32
		{12CCC5C9-D3FF-4315-A2C1-BB8C7AA0AEEE}.Debug|x86.Build.0 = Debug|Win32
		{12CCC5C9-D3FF-4315-A2C1-BB8C7AA0AEEE}.Release|x64.ActiveCfg = Release|x64
		{12CCC5C9-D3FF-4315-A2C1-BB8C7AA0AEEE}.Release|x64.Build.0 = Release|x64
		{12CCC5C9-D3FF-4315-A2C1-BB8C7AA0AEEE}.Release|x86.ActiveCfg = Release|Win32
		{12CCC5C9-D3FF-4315-A2C1-BB8C7AA0AEEE}.Release|x86.Build.0 = Release|Win32
		{DC35F005-6315-425F-B42C-E80C6FBAD1AA}.Debug|x64.ActiveCfg = Debug|x64
		{DC35F005-6315-425F-B42C-E80C6FBAD1AA}.Debug|x64.Build.0 = Debug|x64
		{DC35F005-6315-425F-B42C-E80C6FBAD1AA}.Debug|x86.ActiveCfg = Debug|Win32
		{DC35F005-6315-425F-B42C-E80C6FBAD1AA}.Debug|x86.Build.0 = Debug|Win32
		{DC35F005-6315-425F-B42C-E80C6FBAD1AA}.Release|x64.ActiveCfg = Release|x64
		{DC35F005-6315-425F-B42C-E80C6FBAD1AA}.Release|x64.Build.0 = Release|x64
		{DC35F005-6315-425F-B42C-E80C6FBAD1AA}.Release|x86.ActiveCfg = Release|Win32
		{DC35F005-6315-425F-B42C-E80C6FBAD1AA}.Release|x86.Build.0 = Release|Win32
		{D86F19AA-3B2B-4DA2-8D54-70D139812D45}.Debug|x64.ActiveCfg = Debug|x64
		{D86F19AA-3B2B-4DA2-8D54-70D139812D45}.Debug|x64.Build.0 = Debug|x64
		{D86F19AA-3B2B-4DA2-8D54-70D139812D45}.Debug|x86.ActiveCfg = Debug|Win32
		{D86F19AA-3B2B-4DA2-8D54-70D139812D45}.Debug|x86.Build.0 = Debug|Win32
		{D86F19AA-3B2B-4DA2-8D54-70D139812D45}.Release|x64.ActiveCfg = Release|x64
		{D86F19AA-3B2B-4DA2-8D54-70D139812D45}.Release|x64.Build.0 = Release|x64
		{D86F19AA-3B2B-4DA2-8D54-70D139812D45}.Release|x86.ActiveCfg = Release|Win32
		{D86F19AA-3B2B-4DA2-8D54-70D139812D45}.Release|x86.Build.0 = Release|Win32
	EndGlobalSection
	GlobalSection(SolutionProperties) = preSolution
		HideSolutionNode = FALSE
	EndGlobalSection
	GlobalSection(NestedProjects) = preSolution
		{8F4C3047-F380-42FF-AE32-7589A861B058} = {6D344CCF-566E-4694-B70C-4219DC2F1A43}
		{711D3C5E-1762-45AA-ABB9-E3A7EBEFFA9E} = {6D344CCF-566E-4694-B70C-4219DC2F1A43}
		{7E049DE7-C870-4D94-8374-C18BAA9534A2} = {6D344CCF-566E-4694-B70C-4219DC2F1A43}
		{12CCC5C9-D3FF-4315-A2C1-BB8C7AA0AEEE} = {332AE3D8-B7A1-425C-A025-84D8AFCBC8C3}
		{DC35F005-6315-425F-B42C-E80C6FBAD1AA} = {6D344CCF-566E-4694-B70C-4219DC2F1A43}
		{D86F19AA-3B2B-4DA2-8D54-70D139812D45} = {6D344CCF-566E-4694-B70C-4219DC2F1A43}
	EndGlobalSection
	GlobalSection(ExtensibilityGlobals) = postSolution
		SolutionGuid = {7EF54953-DC76-483D-A674-5E33E3F593B3}
	EndGlobalSection
EndGlobal
